
Microsoft Visual Studio Solution File, Format Version 12.00
# Visual Studio Version 17
VisualStudioVersion = 17.14.36930.0 d17.14
MinimumVisualStudioVersion = 10.0.40219.1
Project("{FAE04EC0-301F-11D3-BF4B-00C04F79EFBC}") = "loadExcel", "loadExcel\loadExcel.csproj", "{2EE3EAFF-C4E3-4C77-8290-6791B76DD73F}"
EndProject
Global
	GlobalSection(SolutionConfigurationPlatforms) = preSolution
		Debug|Any CPU = Debug|Any CPU
		Release|Any CPU = Release|Any CPU
	EndGlobalSection
	GlobalSection(ProjectConfigurationPlatforms) = postSolution
		{2EE3EAFF-C4E3-4C77-8290-6791B76DD73F}.Debug|Any CPU.ActiveCfg = Debug|Any CPU
		{2EE3EAFF-C4E3-4C77-8290-6791B76DD73F}.Debug|Any CPU.Build.0 = Debug|Any CPU
		{2EE3EAFF-C4E3-4C77-8290-6791B76DD73F}.Release|Any CPU.ActiveCfg = Release|Any CPU
		{2EE3EAFF-C4E3-4C77-8290-6791B76DD73F}.Release|Any CPU.Build.0 = Release|Any CPU
	EndGlobalSection
	GlobalSection(SolutionProperties) = preSolution
		HideSolutionNode = FALSE
	EndGlobalSection
	GlobalSection(ExtensibilityGlobals) = postSolution
		SolutionGuid = {733BBD0D-FEBD-44D9-974E-38C74D1E057C}
	EndGlobalSection
EndGlobal
